
Microsoft Visual Studio Solution File, Format Version 12.00
# Visual Studio Version 17
VisualStudioVersion = 17.6.33815.320
MinimumVisualStudioVersion = 10.0.40219.1
Project("{9A19103F-16F7-4668-BE54-9A1E7A4F7556}") = "TicTacToe.Library", "TicTacToe.Library\TicTacToe.Library.csproj", "{97799109-820A-4F7C-B5F0-3CABAEDC825A}"
EndProject
Project("{9A19103F-16F7-4668-BE54-9A1E7A4F7556}") = "TicTacToe.Tests", "TicTacToe.Tests\TicTacToe.Tests.csproj", "{7178567E-0EB0-4A7D-A33A-7B13E3A27707}"
EndProject
Project("{9A19103F-16F7-4668-BE54-9A1E7A4F7556}") = "TicTacToe.Console", "TicTacToe.Console\TicTacToe.Console.csproj", "{B7699C6B-EDB2-4E55-8FD3-7F7E1ADEA094}"
EndProject
Project("{9A19103F-16F7-4668-BE54-9A1E7A4F7556}") = "TicTacToe.AIPlayer", "TicTacToe.AIPlayer\TicTacToe.AIPlayer.csproj", "{0407FDB2-6C8C-4FD4-9BD2-230346C6DA20}"
EndProject
Project("{FAE04EC0-301F-11D3-BF4B-00C04F79EFBC}") = "TicTacToe.GUI", "TicTacToe.GUI\TicTacToe.GUI.csproj", "{D8CA052C-AD97-4CB7-BCA4-69BC318A52AB}"
EndProject
Global
	GlobalSection(SolutionConfigurationPlatforms) = preSolution
		Debug|Any CPU = Debug|Any CPU
		Release|Any CPU = Release|Any CPU
	EndGlobalSection
	GlobalSection(ProjectConfigurationPlatforms) = postSolution
		{97799109-820A-4F7C-B5F0-3CABAEDC825A}.Debug|Any CPU.ActiveCfg = Debug|Any CPU
		{97799109-820A-4F7C-B5F0-3CABAEDC825A}.Debug|Any CPU.Build.0 = Debug|Any CPU
		{97799109-820A-4F7C-B5F0-3CABAEDC825A}.Release|Any CPU.ActiveCfg = Release|Any CPU
		{97799109-820A-4F7C-B5F0-3CABAEDC825A}.Release|Any CPU.Build.0 = Release|Any CPU
		{7178567E-0EB0-4A7D-A33A-7B13E3A27707}.Debug|Any CPU.ActiveCfg = Debug|Any CPU
		{7178567E-0EB0-4A7D-A33A-7B13E3A27707}.Debug|Any CPU.Build.0 = Debug|Any CPU
		{7178567E-0EB0-4A7D-A33A-7B13E3A27707}.Release|Any CPU.ActiveCfg = Release|Any CPU
		{7178567E-0EB0-4A7D-A33A-7B13E3A27707}.Release|Any CPU.Build.0 = Release|Any CPU
		{B7699C6B-EDB2-4E55-8FD3-7F7E1ADEA094}.Debug|Any CPU.ActiveCfg = Debug|Any CPU
		{B7699C6B-EDB2-4E55-8FD3-7F7E1ADEA094}.Debug|Any CPU.Build.0 = Debug|Any CPU
		{B7699C6B-EDB2-4E55-8FD3-7F7E1ADEA094}.Release|Any CPU.ActiveCfg = Release|Any CPU
		{B7699C6B-EDB2-4E55-8FD3-7F7E1ADEA094}.Release|Any CPU.Build.0 = Release|Any CPU
		{0407FDB2-6C8C-4FD4-9BD2-230346C6DA20}.Debug|Any CPU.ActiveCfg = Debug|Any CPU
		{0407FDB2-6C8C-4FD4-9BD2-230346C6DA20}.Debug|Any CPU.Build.0 = Debug|Any CPU
		{0407FDB2-6C8C-4FD4-9BD2-230346C6DA20}.Release|Any CPU.ActiveCfg = Release|Any CPU
		{0407FDB2-6C8C-4FD4-9BD2-230346C6DA20}.Release|Any CPU.Build.0 = Release|Any CPU
		{D8CA052C-AD97-4CB7-BCA4-69BC318A52AB}.Debug|Any CPU.ActiveCfg = Debug|Any CPU
		{D8CA052C-AD97-4CB7-BCA4-69BC318A52AB}.Debug|Any CPU.Build.0 = Debug|Any CPU
		{D8CA052C-AD97-4CB7-BCA4-69BC318A52AB}.Release|Any CPU.ActiveCfg = Release|Any CPU
		{D8CA052C-AD97-4CB7-BCA4-69BC318A52AB}.Release|Any CPU.Build.0 = Release|Any CPU
	EndGlobalSection
	GlobalSection(SolutionProperties) = preSolution
		HideSolutionNode = FALSE
	EndGlobalSection
	GlobalSection(ExtensibilityGlobals) = postSolution
		SolutionGuid = {D9149FA1-55A5-446A-BB13-C70B6E1E5CDF}
	EndGlobalSection
EndGlobal
