
Microsoft Visual Studio Solution File, Format Version 12.00
# Visual Studio Version 16
VisualStudioVersion = 16.0.30621.155
MinimumVisualStudioVersion = 10.0.40219.1
Project("{FAE04EC0-301F-11D3-BF4B-00C04F79EFBC}") = "Merlin.Engine", "Merlin.Engine\Merlin.Engine.csproj", "{4A5EFF95-A974-42A3-B912-FA387ACD68A8}"
EndProject
Project("{FAE04EC0-301F-11D3-BF4B-00C04F79EFBC}") = "Merlin.Tests", "Merlin.Tests\Merlin.Tests.csproj", "{714EB2EB-8879-4BEC-8048-425366343020}"
EndProject
Project("{FAE04EC0-301F-11D3-BF4B-00C04F79EFBC}") = "MerlinDesktop", "MerlinDesktop\MerlinDesktop.csproj", "{5887D807-AB50-4FFD-A0D7-297AA804F8BA}"
EndProject
Global
	GlobalSection(SolutionConfigurationPlatforms) = preSolution
		Debug|Any CPU = Debug|Any CPU
		Release|Any CPU = Release|Any CPU
	EndGlobalSection
	GlobalSection(ProjectConfigurationPlatforms) = postSolution
		{4A5EFF95-A974-42A3-B912-FA387ACD68A8}.Debug|Any CPU.ActiveCfg = Debug|Any CPU
		{4A5EFF95-A974-42A3-B912-FA387ACD68A8}.Debug|Any CPU.Build.0 = Debug|Any CPU
		{4A5EFF95-A974-42A3-B912-FA387ACD68A8}.Release|Any CPU.ActiveCfg = Release|Any CPU
		{4A5EFF95-A974-42A3-B912-FA387ACD68A8}.Release|Any CPU.Build.0 = Release|Any CPU
		{714EB2EB-8879-4BEC-8048-425366343020}.Debug|Any CPU.ActiveCfg = Debug|Any CPU
		{714EB2EB-8879-4BEC-8048-425366343020}.Debug|Any CPU.Build.0 = Debug|Any CPU
		{714EB2EB-8879-4BEC-8048-425366343020}.Release|Any CPU.ActiveCfg = Release|Any CPU
		{714EB2EB-8879-4BEC-8048-425366343020}.Release|Any CPU.Build.0 = Release|Any CPU
		{5887D807-AB50-4FFD-A0D7-297AA804F8BA}.Debug|Any CPU.ActiveCfg = Debug|Any CPU
		{5887D807-AB50-4FFD-A0D7-297AA804F8BA}.Debug|Any CPU.Build.0 = Debug|Any CPU
		{5887D807-AB50-4FFD-A0D7-297AA804F8BA}.Release|Any CPU.ActiveCfg = Release|Any CPU
		{5887D807-AB50-4FFD-A0D7-297AA804F8BA}.Release|Any CPU.Build.0 = Release|Any CPU
	EndGlobalSection
	GlobalSection(SolutionProperties) = preSolution
		HideSolutionNode = FALSE
	EndGlobalSection
	GlobalSection(ExtensibilityGlobals) = postSolution
		SolutionGuid = {232926A5-BACB-4281-ADC4-141926599D15}
	EndGlobalSection
EndGlobal
